// !$*UTF8*$!
{
	archiveVersion = 1;
	classes = {
	};
	objectVersion = 42;
	objects = {

/* Begin PBXBuildFile section */
		8D0C4E8D0486CD37000505A6 /* InfoPlist.strings in Resources */ = {isa = PBXBuildFile; fileRef = 0867D6AAFE840B52C02AAC07 /* InfoPlist.strings */; };
		8D0C4E8E0486CD37000505A6 /* main.nib in Resources */ = {isa = PBXBuildFile; fileRef = 02345980000FD03B11CA0E72 /* main.nib */; };
		8D0C4E900486CD37000505A6 /* main.cpp in Sources */ = {isa = PBXBuildFile; fileRef = 20286C2BFDCF999611CA2CEA /* main.cpp */; settings = {ATTRIBUTES = (); }; };
		8D0C4E920486CD37000505A6 /* Carbon.framework in Frameworks */ = {isa = PBXBuildFile; fileRef = 20286C33FDCF999611CA2CEA /* Carbon.framework */; };
		D413F8310F4B1DBE008479A7 /* sw_widget_theme.png in Resources */ = {isa = PBXBuildFile; fileRef = D413F82F0F4B1DBE008479A7 /* sw_widget_theme.png */; };
		D413F8320F4B1DBE008479A7 /* sw_widget_theme.xml in Resources */ = {isa = PBXBuildFile; fileRef = D413F8300F4B1DBE008479A7 /* sw_widget_theme.xml */; };
		D413F8340F4B1DC5008479A7 /* preferences.xml in Resources */ = {isa = PBXBuildFile; fileRef = D413F8330F4B1DC5008479A7 /* preferences.xml */; };
		D442EB380F41795F00377025 /* DummyParticle.cpp in Sources */ = {isa = PBXBuildFile; fileRef = D442EB370F41795F00377025 /* DummyParticle.cpp */; };
		D44A61D50B1A0ACC00960064 /* AGL.framework in Frameworks */ = {isa = PBXBuildFile; fileRef = D44A61D30B1A0ACC00960064 /* AGL.framework */; };
		D44A61D60B1A0ACC00960064 /* OpenGL.framework in Frameworks */ = {isa = PBXBuildFile; fileRef = D44A61D40B1A0ACC00960064 /* OpenGL.framework */; };
		D46F54360F8CCC3700011B4F /* cefix.framework in Frameworks */ = {isa = PBXBuildFile; fileRef = D46F54350F8CCC3700011B4F /* cefix.framework */; };
		D46F543E0F8CCC4F00011B4F /* OpenThreads.framework in Frameworks */ = {isa = PBXBuildFile; fileRef = D46F54370F8CCC4F00011B4F /* OpenThreads.framework */; };
		D46F543F0F8CCC4F00011B4F /* osg.framework in Frameworks */ = {isa = PBXBuildFile; fileRef = D46F54380F8CCC4F00011B4F /* osg.framework */; };
		D46F54400F8CCC4F00011B4F /* osgDB.framework in Frameworks */ = {isa = PBXBuildFile; fileRef = D46F54390F8CCC4F00011B4F /* osgDB.framework */; };
		D46F54410F8CCC4F00011B4F /* osgGA.framework in Frameworks */ = {isa = PBXBuildFile; fileRef = D46F543A0F8CCC4F00011B4F /* osgGA.framework */; };
		D46F54420F8CCC4F00011B4F /* osgText.framework in Frameworks */ = {isa = PBXBuildFile; fileRef = D46F543B0F8CCC4F00011B4F /* osgText.framework */; };
		D46F54430F8CCC4F00011B4F /* osgUtil.framework in Frameworks */ = {isa = PBXBuildFile; fileRef = D46F543C0F8CCC4F00011B4F /* osgUtil.framework */; };
		D46F54440F8CCC4F00011B4F /* osgViewer.framework in Frameworks */ = {isa = PBXBuildFile; fileRef = D46F543D0F8CCC4F00011B4F /* osgViewer.framework */; };
		D46F54450F8CCC5400011B4F /* OpenThreads.framework in CopyFiles */ = {isa = PBXBuildFile; fileRef = D46F54370F8CCC4F00011B4F /* OpenThreads.framework */; };
		D46F54460F8CCC5400011B4F /* osg.framework in CopyFiles */ = {isa = PBXBuildFile; fileRef = D46F54380F8CCC4F00011B4F /* osg.framework */; };
		D46F54470F8CCC5400011B4F /* osgDB.framework in CopyFiles */ = {isa = PBXBuildFile; fileRef = D46F54390F8CCC4F00011B4F /* osgDB.framework */; };
		D46F54480F8CCC5400011B4F /* osgGA.framework in CopyFiles */ = {isa = PBXBuildFile; fileRef = D46F543A0F8CCC4F00011B4F /* osgGA.framework */; };
		D46F54490F8CCC5400011B4F /* osgText.framework in CopyFiles */ = {isa = PBXBuildFile; fileRef = D46F543B0F8CCC4F00011B4F /* osgText.framework */; };
		D46F544A0F8CCC5400011B4F /* osgUtil.framework in CopyFiles */ = {isa = PBXBuildFile; fileRef = D46F543C0F8CCC4F00011B4F /* osgUtil.framework */; };
		D46F544B0F8CCC5400011B4F /* osgViewer.framework in CopyFiles */ = {isa = PBXBuildFile; fileRef = D46F543D0F8CCC4F00011B4F /* osgViewer.framework */; };
		D46F544C0F8CCC5400011B4F /* cefix.framework in CopyFiles */ = {isa = PBXBuildFile; fileRef = D46F54350F8CCC3700011B4F /* cefix.framework */; };
/* End PBXBuildFile section */

/* Begin PBXCopyFilesBuildPhase section */
		D44A61E20B1A0B0300960064 /* CopyFiles */ = {
			isa = PBXCopyFilesBuildPhase;
			buildActionMask = 2147483647;
			dstPath = "";
			dstSubfolderSpec = 10;
			files = (
				D46F54450F8CCC5400011B4F /* OpenThreads.framework in CopyFiles */,
				D46F54460F8CCC5400011B4F /* osg.framework in CopyFiles */,
				D46F54470F8CCC5400011B4F /* osgDB.framework in CopyFiles */,
				D46F54480F8CCC5400011B4F /* osgGA.framework in CopyFiles */,
				D46F54490F8CCC5400011B4F /* osgText.framework in CopyFiles */,
				D46F544A0F8CCC5400011B4F /* osgUtil.framework in CopyFiles */,
				D46F544B0F8CCC5400011B4F /* osgViewer.framework in CopyFiles */,
				D46F544C0F8CCC5400011B4F /* cefix.framework in CopyFiles */,
			);
			runOnlyForDeploymentPostprocessing = 0;
		};
/* End PBXCopyFilesBuildPhase section */

/* Begin PBXFileReference section */
		0867D6ABFE840B52C02AAC07 /* English */ = {isa = PBXFileReference; fileEncoding = 10; lastKnownFileType = text.plist.strings; name = English; path = English.lproj/InfoPlist.strings; sourceTree = "<group>"; };
		1870340FFE93FCAF11CA0CD7 /* English */ = {isa = PBXFileReference; lastKnownFileType = wrapper.nib; name = English; path = English.lproj/main.nib; sourceTree = "<group>"; };
		20286C2BFDCF999611CA2CEA /* main.cpp */ = {isa = PBXFileReference; fileEncoding = 4; lastKnownFileType = sourcecode.cpp.cpp; path = main.cpp; sourceTree = "<group>"; };
		20286C33FDCF999611CA2CEA /* Carbon.framework */ = {isa = PBXFileReference; lastKnownFileType = wrapper.framework; name = Carbon.framework; path = /System/Library/Frameworks/Carbon.framework; sourceTree = "<absolute>"; };
		32DBCF6D0370B57F00C91783 /* cefixTemplate_Prefix.pch */ = {isa = PBXFileReference; fileEncoding = 4; lastKnownFileType = sourcecode.c.h; path = cefixTemplate_Prefix.pch; sourceTree = "<group>"; };
		8D0C4E960486CD37000505A6 /* Info.plist */ = {isa = PBXFileReference; fileEncoding = 4; lastKnownFileType = text.plist; path = Info.plist; sourceTree = "<group>"; };
		8D0C4E970486CD37000505A6 /* spring.app */ = {isa = PBXFileReference; explicitFileType = wrapper.application; includeInIndex = 0; path = spring.app; sourceTree = BUILT_PRODUCTS_DIR; };
		D413F82F0F4B1DBE008479A7 /* sw_widget_theme.png */ = {isa = PBXFileReference; lastKnownFileType = image.png; name = sw_widget_theme.png; path = ../media/sw_widget_theme.png; sourceTree = SOURCE_ROOT; };
		D413F8300F4B1DBE008479A7 /* sw_widget_theme.xml */ = {isa = PBXFileReference; fileEncoding = 4; lastKnownFileType = text.xml; name = sw_widget_theme.xml; path = ../media/sw_widget_theme.xml; sourceTree = SOURCE_ROOT; };
		D413F8330F4B1DC5008479A7 /* preferences.xml */ = {isa = PBXFileReference; fileEncoding = 4; lastKnownFileType = text.xml; name = preferences.xml; path = ../preferences.xml; sourceTree = SOURCE_ROOT; };
		D442EB360F41795F00377025 /* DummyParticle.h */ = {isa = PBXFileReference; fileEncoding = 4; lastKnownFileType = sourcecode.c.h; path = DummyParticle.h; sourceTree = "<group>"; };
		D442EB370F41795F00377025 /* DummyParticle.cpp */ = {isa = PBXFileReference; fileEncoding = 4; lastKnownFileType = sourcecode.cpp.cpp; path = DummyParticle.cpp; sourceTree = "<group>"; };
		D44A61D30B1A0ACC00960064 /* AGL.framework */ = {isa = PBXFileReference; lastKnownFileType = wrapper.framework; name = AGL.framework; path = /System/Library/Frameworks/AGL.framework; sourceTree = "<absolute>"; };
		D44A61D40B1A0ACC00960064 /* OpenGL.framework */ = {isa = PBXFileReference; lastKnownFileType = wrapper.framework; name = OpenGL.framework; path = /System/Library/Frameworks/OpenGL.framework; sourceTree = "<absolute>"; };
		D46F54350F8CCC3700011B4F /* cefix.framework */ = {isa = PBXFileReference; lastKnownFileType = wrapper.framework; name = cefix.framework; path = ../../../libs/cefix.framework; sourceTree = SOURCE_ROOT; };
		D46F54370F8CCC4F00011B4F /* OpenThreads.framework */ = {isa = PBXFileReference; lastKnownFileType = wrapper.framework; name = OpenThreads.framework; path = ../../../libs/frameworks/OpenThreads.framework; sourceTree = SOURCE_ROOT; };
		D46F54380F8CCC4F00011B4F /* osg.framework */ = {isa = PBXFileReference; lastKnownFileType = wrapper.framework; name = osg.framework; path = ../../../libs/frameworks/osg.framework; sourceTree = SOURCE_ROOT; };
		D46F54390F8CCC4F00011B4F /* osgDB.framework */ = {isa = PBXFileReference; lastKnownFileType = wrapper.framework; name = osgDB.framework; path = ../../../libs/frameworks/osgDB.framework; sourceTree = SOURCE_ROOT; };
		D46F543A0F8CCC4F00011B4F /* osgGA.framework */ = {isa = PBXFileReference; lastKnownFileType = wrapper.framework; name = osgGA.framework; path = ../../../libs/frameworks/osgGA.framework; sourceTree = SOURCE_ROOT; };
		D46F543B0F8CCC4F00011B4F /* osgText.framework */ = {isa = PBXFileReference; lastKnownFileType = wrapper.framework; name = osgText.framework; path = ../../../libs/frameworks/osgText.framework; sourceTree = SOURCE_ROOT; };
		D46F543C0F8CCC4F00011B4F /* osgUtil.framework */ = {isa = PBXFileReference; lastKnownFileType = wrapper.framework; name = osgUtil.framework; path = ../../../libs/frameworks/osgUtil.framework; sourceTree = SOURCE_ROOT; };
		D46F543D0F8CCC4F00011B4F /* osgViewer.framework */ = {isa = PBXFileReference; lastKnownFileType = wrapper.framework; name = osgViewer.framework; path = ../../../libs/frameworks/osgViewer.framework; sourceTree = SOURCE_ROOT; };
/* End PBXFileReference section */

/* Begin PBXFrameworksBuildPhase section */
		8D0C4E910486CD37000505A6 /* Frameworks */ = {
			isa = PBXFrameworksBuildPhase;
			buildActionMask = 2147483647;
			files = (
				8D0C4E920486CD37000505A6 /* Carbon.framework in Frameworks */,
				D44A61D50B1A0ACC00960064 /* AGL.framework in Frameworks */,
				D44A61D60B1A0ACC00960064 /* OpenGL.framework in Frameworks */,
				D46F54360F8CCC3700011B4F /* cefix.framework in Frameworks */,
				D46F543E0F8CCC4F00011B4F /* OpenThreads.framework in Frameworks */,
				D46F543F0F8CCC4F00011B4F /* osg.framework in Frameworks */,
				D46F54400F8CCC4F00011B4F /* osgDB.framework in Frameworks */,
				D46F54410F8CCC4F00011B4F /* osgGA.framework in Frameworks */,
				D46F54420F8CCC4F00011B4F /* osgText.framework in Frameworks */,
				D46F54430F8CCC4F00011B4F /* osgUtil.framework in Frameworks */,
				D46F54440F8CCC4F00011B4F /* osgViewer.framework in Frameworks */,
			);
			runOnlyForDeploymentPostprocessing = 0;
		};
/* End PBXFrameworksBuildPhase section */

/* Begin PBXGroup section */
		195DF8CFFE9D517E11CA2CBB /* Products */ = {
			isa = PBXGroup;
			children = (
				8D0C4E970486CD37000505A6 /* spring.app */,
			);
			name = Products;
			sourceTree = "<group>";
		};
		20286C29FDCF999611CA2CEA /* cefixTemplate */ = {
			isa = PBXGroup;
			children = (
				20286C2AFDCF999611CA2CEA /* src */,
				20286C2CFDCF999611CA2CEA /* Resources */,
				20286C32FDCF999611CA2CEA /* External Frameworks and Libraries */,
				195DF8CFFE9D517E11CA2CBB /* Products */,
			);
			name = cefixTemplate;
			sourceTree = "<group>";
		};
		20286C2AFDCF999611CA2CEA /* src */ = {
			isa = PBXGroup;
			children = (
				32DBCF6D0370B57F00C91783 /* cefixTemplate_Prefix.pch */,
				20286C2BFDCF999611CA2CEA /* main.cpp */,
				D442EB360F41795F00377025 /* DummyParticle.h */,
				D442EB370F41795F00377025 /* DummyParticle.cpp */,
			);
			name = src;
			path = ../src;
			sourceTree = "<group>";
		};
		20286C2CFDCF999611CA2CEA /* Resources */ = {
			isa = PBXGroup;
			children = (
				D413F8330F4B1DC5008479A7 /* preferences.xml */,
				D413F82F0F4B1DBE008479A7 /* sw_widget_theme.png */,
				D413F8300F4B1DBE008479A7 /* sw_widget_theme.xml */,
				8D0C4E960486CD37000505A6 /* Info.plist */,
				0867D6AAFE840B52C02AAC07 /* InfoPlist.strings */,
				02345980000FD03B11CA0E72 /* main.nib */,
			);
			name = Resources;
			sourceTree = "<group>";
		};
		20286C32FDCF999611CA2CEA /* External Frameworks and Libraries */ = {
			isa = PBXGroup;
			children = (
				D46F54370F8CCC4F00011B4F /* OpenThreads.framework */,
				D46F54380F8CCC4F00011B4F /* osg.framework */,
				D46F54390F8CCC4F00011B4F /* osgDB.framework */,
				D46F543A0F8CCC4F00011B4F /* osgGA.framework */,
				D46F543B0F8CCC4F00011B4F /* osgText.framework */,
				D46F543C0F8CCC4F00011B4F /* osgUtil.framework */,
				D46F543D0F8CCC4F00011B4F /* osgViewer.framework */,
				D46F54350F8CCC3700011B4F /* cefix.framework */,
				D44A61D30B1A0ACC00960064 /* AGL.framework */,
				D44A61D40B1A0ACC00960064 /* OpenGL.framework */,
				20286C33FDCF999611CA2CEA /* Carbon.framework */,
			);
			name = "External Frameworks and Libraries";
			sourceTree = "<group>";
		};
/* End PBXGroup section */

/* Begin PBXNativeTarget section */
		8D0C4E890486CD37000505A6 /* springs */ = {
			isa = PBXNativeTarget;
			buildConfigurationList = C0E91AC508A95435008D54AB /* Build configuration list for PBXNativeTarget "springs" */;
			buildPhases = (
				8D0C4E8C0486CD37000505A6 /* Resources */,
				8D0C4E8F0486CD37000505A6 /* Sources */,
				8D0C4E910486CD37000505A6 /* Frameworks */,
				D44A61E20B1A0B0300960064 /* CopyFiles */,
			);
			buildRules = (
			);
			dependencies = (
			);
			name = springs;
			productInstallPath = "$(HOME)/Applications";
			productName = cefixTemplate;
			productReference = 8D0C4E970486CD37000505A6 /* spring.app */;
			productType = "com.apple.product-type.application";
		};
/* End PBXNativeTarget section */

/* Begin PBXProject section */
		20286C28FDCF999611CA2CEA /* Project object */ = {
			isa = PBXProject;
			buildConfigurationList = C0E91AC908A95435008D54AB /* Build configuration list for PBXProject "springs" */;
			compatibilityVersion = "Xcode 2.4";
			developmentRegion = English;
			hasScannedForEncodings = 1;
			knownRegions = (
				English,
				Japanese,
				French,
				German,
			);
			mainGroup = 20286C29FDCF999611CA2CEA /* cefixTemplate */;
			projectDirPath = "";
			projectRoot = ..;
			targets = (
				8D0C4E890486CD37000505A6 /* springs */,
			);
		};
/* End PBXProject section */

/* Begin PBXResourcesBuildPhase section */
		8D0C4E8C0486CD37000505A6 /* Resources */ = {
			isa = PBXResourcesBuildPhase;
			buildActionMask = 2147483647;
			files = (
				8D0C4E8D0486CD37000505A6 /* InfoPlist.strings in Resources */,
				8D0C4E8E0486CD37000505A6 /* main.nib in Resources */,
				D413F8310F4B1DBE008479A7 /* sw_widget_theme.png in Resources */,
				D413F8320F4B1DBE008479A7 /* sw_widget_theme.xml in Resources */,
				D413F8340F4B1DC5008479A7 /* preferences.xml in Resources */,
			);
			runOnlyForDeploymentPostprocessing = 0;
		};
/* End PBXResourcesBuildPhase section */

/* Begin PBXSourcesBuildPhase section */
		8D0C4E8F0486CD37000505A6 /* Sources */ = {
			isa = PBXSourcesBuildPhase;
			buildActionMask = 2147483647;
			files = (
				8D0C4E900486CD37000505A6 /* main.cpp in Sources */,
				D442EB380F41795F00377025 /* DummyParticle.cpp in Sources */,
			);
			runOnlyForDeploymentPostprocessing = 0;
		};
/* End PBXSourcesBuildPhase section */

/* Begin PBXVariantGroup section */
		02345980000FD03B11CA0E72 /* main.nib */ = {
			isa = PBXVariantGroup;
			children = (
				1870340FFE93FCAF11CA0CD7 /* English */,
			);
			name = main.nib;
			sourceTree = "<group>";
		};
		0867D6AAFE840B52C02AAC07 /* InfoPlist.strings */ = {
			isa = PBXVariantGroup;
			children = (
				0867D6ABFE840B52C02AAC07 /* English */,
			);
			name = InfoPlist.strings;
			sourceTree = "<group>";
		};
/* End PBXVariantGroup section */

/* Begin XCBuildConfiguration section */
		C0E91AC608A95435008D54AB /* Debug */ = {
			isa = XCBuildConfiguration;
			buildSettings = {
				COPY_PHASE_STRIP = NO;
				FRAMEWORK_SEARCH_PATHS = (
					"$(inherited)",
					"$(FRAMEWORK_SEARCH_PATHS_QUOTED_1)",
					"$(FRAMEWORK_SEARCH_PATHS_QUOTED_2)",
					"$(FRAMEWORK_SEARCH_PATHS_QUOTED_3)",
					"$(FRAMEWORK_SEARCH_PATHS_QUOTED_FOR_TARGET_1)",
					"$(FRAMEWORK_SEARCH_PATHS_QUOTED_FOR_TARGET_2)",
					"$(FRAMEWORK_SEARCH_PATHS_QUOTED_FOR_TARGET_1)",
					"$(FRAMEWORK_SEARCH_PATHS_QUOTED_FOR_TARGET_2)",
				);
				FRAMEWORK_SEARCH_PATHS_QUOTED_FOR_TARGET_1 = "\"$(SRCROOT)/../../../libs\"";
				FRAMEWORK_SEARCH_PATHS_QUOTED_FOR_TARGET_2 = "\"$(SRCROOT)/../../../libs/frameworks\"";
				GCC_DYNAMIC_NO_PIC = NO;
				GCC_ENABLE_FIX_AND_CONTINUE = YES;
				GCC_MODEL_TUNING = G5;
				GCC_OPTIMIZATION_LEVEL = 0;
				GCC_PRECOMPILE_PREFIX_HEADER = YES;
				GCC_PREFIX_HEADER = ../src/cefixTemplate_Prefix.pch;
				GCC_SYMBOLS_PRIVATE_EXTERN = NO;
				GCC_VERSION = 4.0;
				INFOPLIST_FILE = Info.plist;
				INSTALL_PATH = "$(HOME)/Applications";
				PRODUCT_NAME = spring;
				WRAPPER_EXTENSION = app;
				ZERO_LINK = NO;
			};
			name = Debug;
		};
		C0E91AC708A95435008D54AB /* Release */ = {
			isa = XCBuildConfiguration;
			buildSettings = {
				ARCHS = "$(NATIVE_ARCH)";
				COPY_PHASE_STRIP = NO;
				FRAMEWORK_SEARCH_PATHS = (
					"$(inherited)",
					"$(FRAMEWORK_SEARCH_PATHS_QUOTED_1)",
					"$(FRAMEWORK_SEARCH_PATHS_QUOTED_2)",
					"$(FRAMEWORK_SEARCH_PATHS_QUOTED_3)",
					"$(FRAMEWORK_SEARCH_PATHS_QUOTED_FOR_TARGET_1)",
					"$(FRAMEWORK_SEARCH_PATHS_QUOTED_FOR_TARGET_2)",
					"$(FRAMEWORK_SEARCH_PATHS_QUOTED_FOR_TARGET_1)",
					"$(FRAMEWORK_SEARCH_PATHS_QUOTED_FOR_TARGET_2)",
				);
				FRAMEWORK_SEARCH_PATHS_QUOTED_FOR_TARGET_1 = "\"$(SRCROOT)/../../../libs\"";
				FRAMEWORK_SEARCH_PATHS_QUOTED_FOR_TARGET_2 = "\"$(SRCROOT)/../../../libs/frameworks\"";
				GCC_AUTO_VECTORIZATION = YES;
				GCC_GENERATE_DEBUGGING_SYMBOLS = YES;
				GCC_MODEL_TUNING = G5;
				GCC_OPTIMIZATION_LEVEL = 3;
				GCC_PRECOMPILE_PREFIX_HEADER = YES;
				GCC_PREFIX_HEADER = ../src/cefixTemplate_Prefix.pch;
				GCC_SYMBOLS_PRIVATE_EXTERN = NO;
				GCC_VERSION = 4.0;
				INFOPLIST_FILE = Info.plist;
				INSTALL_PATH = "$(HOME)/Applications";
				PRODUCT_NAME = spring;
				WRAPPER_EXTENSION = app;
			};
			name = Release;
		};
		C0E91ACA08A95435008D54AB /* Debug */ = {
			isa = XCBuildConfiguration;
			buildSettings = {
				GCC_VERSION = 4.2;
				GCC_WARN_ABOUT_RETURN_TYPE = YES;
				GCC_WARN_UNUSED_VARIABLE = YES;
				PREBINDING = NO;
				SDKROOT = /Developer/SDKs/MacOSX10.5.sdk;
			};
			name = Debug;
		};
		C0E91ACB08A95435008D54AB /* Release */ = {
			isa = XCBuildConfiguration;
			buildSettings = {
				GCC_VERSION = 4.2;
				GCC_WARN_ABOUT_RETURN_TYPE = YES;
				GCC_WARN_UNUSED_VARIABLE = YES;
				PREBINDING = NO;
				SDKROOT = /Developer/SDKs/MacOSX10.5.sdk;
			};
			name = Release;
		};
/* End XCBuildConfiguration section */

/* Begin XCConfigurationList section */
		C0E91AC508A95435008D54AB /* Build configuration list for PBXNativeTarget "springs" */ = {
			isa = XCConfigurationList;
			buildConfigurations = (
				C0E91AC608A95435008D54AB /* Debug */,
				C0E91AC708A95435008D54AB /* Release */,
			);
			defaultConfigurationIsVisible = 0;
			defaultConfigurationName = Release;
		};
		C0E91AC908A95435008D54AB /* Build configuration list for PBXProject "springs" */ = {
			isa = XCConfigurationList;
			buildConfigurations = (
				C0E91ACA08A95435008D54AB /* Debug */,
				C0E91ACB08A95435008D54AB /* Release */,
			);
			defaultConfigurationIsVisible = 0;
			defaultConfigurationName = Release;
		};
/* End XCConfigurationList section */
	};
	rootObject = 20286C28FDCF999611CA2CEA /* Project object */;
}
