// !$*UTF8*$!
{
	archiveVersion = 1;
	classes = {
	};
	objectVersion = 42;
	objects = {

/* Begin PBXBuildFile section */
		8D0C4E8D0486CD37000505A6 /* InfoPlist.strings in Resources */ = {isa = PBXBuildFile; fileRef = 0867D6AAFE840B52C02AAC07 /* InfoPlist.strings */; };
		8D0C4E8E0486CD37000505A6 /* main.nib in Resources */ = {isa = PBXBuildFile; fileRef = 02345980000FD03B11CA0E72 /* main.nib */; };
		8D0C4E900486CD37000505A6 /* main.cpp in Sources */ = {isa = PBXBuildFile; fileRef = 20286C2BFDCF999611CA2CEA /* main.cpp */; settings = {ATTRIBUTES = (); }; };
		8D0C4E920486CD37000505A6 /* Carbon.framework in Frameworks */ = {isa = PBXBuildFile; fileRef = 20286C33FDCF999611CA2CEA /* Carbon.framework */; };
		D40B587B0F5BD5E4004D300C /* osgViewer.framework in Frameworks */ = {isa = PBXBuildFile; fileRef = D40B58740F5BD5E4004D300C /* osgViewer.framework */; };
		D40B587C0F5BD5E5004D300C /* osgUtil.framework in Frameworks */ = {isa = PBXBuildFile; fileRef = D40B58750F5BD5E4004D300C /* osgUtil.framework */; };
		D40B587D0F5BD5E5004D300C /* osgText.framework in Frameworks */ = {isa = PBXBuildFile; fileRef = D40B58760F5BD5E4004D300C /* osgText.framework */; };
		D40B587E0F5BD5E5004D300C /* osgGA.framework in Frameworks */ = {isa = PBXBuildFile; fileRef = D40B58770F5BD5E4004D300C /* osgGA.framework */; };
		D40B587F0F5BD5E5004D300C /* osgDB.framework in Frameworks */ = {isa = PBXBuildFile; fileRef = D40B58780F5BD5E4004D300C /* osgDB.framework */; };
		D40B58800F5BD5E5004D300C /* osg.framework in Frameworks */ = {isa = PBXBuildFile; fileRef = D40B58790F5BD5E4004D300C /* osg.framework */; };
		D40B58810F5BD5E5004D300C /* OpenThreads.framework in Frameworks */ = {isa = PBXBuildFile; fileRef = D40B587A0F5BD5E4004D300C /* OpenThreads.framework */; };
		D40B58900F5BD60D004D300C /* osgViewer.framework in CopyFiles */ = {isa = PBXBuildFile; fileRef = D40B58740F5BD5E4004D300C /* osgViewer.framework */; };
		D40B58910F5BD60D004D300C /* osgUtil.framework in CopyFiles */ = {isa = PBXBuildFile; fileRef = D40B58750F5BD5E4004D300C /* osgUtil.framework */; };
		D40B58920F5BD60D004D300C /* osgText.framework in CopyFiles */ = {isa = PBXBuildFile; fileRef = D40B58760F5BD5E4004D300C /* osgText.framework */; };
		D40B58930F5BD60D004D300C /* osgGA.framework in CopyFiles */ = {isa = PBXBuildFile; fileRef = D40B58770F5BD5E4004D300C /* osgGA.framework */; };
		D40B58940F5BD60D004D300C /* osgDB.framework in CopyFiles */ = {isa = PBXBuildFile; fileRef = D40B58780F5BD5E4004D300C /* osgDB.framework */; };
		D40B58950F5BD60D004D300C /* osg.framework in CopyFiles */ = {isa = PBXBuildFile; fileRef = D40B58790F5BD5E4004D300C /* osg.framework */; };
		D40B58960F5BD60D004D300C /* OpenThreads.framework in CopyFiles */ = {isa = PBXBuildFile; fileRef = D40B587A0F5BD5E4004D300C /* OpenThreads.framework */; };
		D44A61D50B1A0ACC00960064 /* AGL.framework in Frameworks */ = {isa = PBXBuildFile; fileRef = D44A61D30B1A0ACC00960064 /* AGL.framework */; };
		D44A61D60B1A0ACC00960064 /* OpenGL.framework in Frameworks */ = {isa = PBXBuildFile; fileRef = D44A61D40B1A0ACC00960064 /* OpenGL.framework */; };
		D45ED6E20CE3315400D0CD6E /* OpenThreads.framework in Frameworks */ = {isa = PBXBuildFile; fileRef = D45ED6DB0CE3315400D0CD6E /* OpenThreads.framework */; };
		D473301B0E93AA9000EA5954 /* osgdb_osg.so in CopyFiles */ = {isa = PBXBuildFile; fileRef = D473301A0E93AA9000EA5954 /* osgdb_osg.so */; };
		D473301D0E93AAE400EA5954 /* cow.osg in Resources */ = {isa = PBXBuildFile; fileRef = D473301C0E93AAE400EA5954 /* cow.osg */; };
		D47330280E93AB5000EA5954 /* reflect.rgb in Resources */ = {isa = PBXBuildFile; fileRef = D47330270E93AB5000EA5954 /* reflect.rgb */; };
		D4F410E70F5BDAAD0052261D /* cefix.framework in Frameworks */ = {isa = PBXBuildFile; fileRef = D4F410E60F5BDAAD0052261D /* cefix.framework */; };
		D4F410EA0F5BDAB50052261D /* cefix.framework in CopyFiles */ = {isa = PBXBuildFile; fileRef = D4F410E60F5BDAAD0052261D /* cefix.framework */; };
		D4F41FCE0F5D42580052261D /* SpaceNavigatorInputDevice.bundle in Resources */ = {isa = PBXBuildFile; fileRef = D4F41FCD0F5D42580052261D /* SpaceNavigatorInputDevice.bundle */; };
/* End PBXBuildFile section */

/* Begin PBXCopyFilesBuildPhase section */
		D44A61E20B1A0B0300960064 /* CopyFiles */ = {
			isa = PBXCopyFilesBuildPhase;
			buildActionMask = 2147483647;
			dstPath = "";
			dstSubfolderSpec = 10;
			files = (
				D4F410EA0F5BDAB50052261D /* cefix.framework in CopyFiles */,
				D40B58900F5BD60D004D300C /* osgViewer.framework in CopyFiles */,
				D40B58910F5BD60D004D300C /* osgUtil.framework in CopyFiles */,
				D40B58920F5BD60D004D300C /* osgText.framework in CopyFiles */,
				D40B58930F5BD60D004D300C /* osgGA.framework in CopyFiles */,
				D40B58940F5BD60D004D300C /* osgDB.framework in CopyFiles */,
				D40B58950F5BD60D004D300C /* osg.framework in CopyFiles */,
				D40B58960F5BD60D004D300C /* OpenThreads.framework in CopyFiles */,
			);
			runOnlyForDeploymentPostprocessing = 0;
		};
		D47330190E93AA7F00EA5954 /* CopyFiles */ = {
			isa = PBXCopyFilesBuildPhase;
			buildActionMask = 2147483647;
			dstPath = "";
			dstSubfolderSpec = 13;
			files = (
				D473301B0E93AA9000EA5954 /* osgdb_osg.so in CopyFiles */,
			);
			runOnlyForDeploymentPostprocessing = 0;
		};
/* End PBXCopyFilesBuildPhase section */

/* Begin PBXFileReference section */
		0867D6ABFE840B52C02AAC07 /* English */ = {isa = PBXFileReference; fileEncoding = 10; lastKnownFileType = text.plist.strings; name = English; path = English.lproj/InfoPlist.strings; sourceTree = "<group>"; };
		1870340FFE93FCAF11CA0CD7 /* English */ = {isa = PBXFileReference; lastKnownFileType = wrapper.nib; name = English; path = English.lproj/main.nib; sourceTree = "<group>"; };
		20286C2BFDCF999611CA2CEA /* main.cpp */ = {isa = PBXFileReference; fileEncoding = 4; lastKnownFileType = sourcecode.cpp.cpp; path = main.cpp; sourceTree = "<group>"; };
		20286C33FDCF999611CA2CEA /* Carbon.framework */ = {isa = PBXFileReference; lastKnownFileType = wrapper.framework; name = Carbon.framework; path = /System/Library/Frameworks/Carbon.framework; sourceTree = "<absolute>"; };
		32DBCF6D0370B57F00C91783 /* cefixTemplate_Prefix.pch */ = {isa = PBXFileReference; fileEncoding = 4; lastKnownFileType = sourcecode.c.h; path = cefixTemplate_Prefix.pch; sourceTree = "<group>"; };
		8D0C4E960486CD37000505A6 /* Info.plist */ = {isa = PBXFileReference; fileEncoding = 4; lastKnownFileType = text.plist; path = Info.plist; sourceTree = "<group>"; };
		8D0C4E970486CD37000505A6 /* cefixTemplate.app */ = {isa = PBXFileReference; explicitFileType = wrapper.application; includeInIndex = 0; path = cefixTemplate.app; sourceTree = BUILT_PRODUCTS_DIR; };
		D40B58740F5BD5E4004D300C /* osgViewer.framework */ = {isa = PBXFileReference; lastKnownFileType = wrapper.framework; name = osgViewer.framework; path = ../../../libs/frameworks/osgViewer.framework; sourceTree = SOURCE_ROOT; };
		D40B58750F5BD5E4004D300C /* osgUtil.framework */ = {isa = PBXFileReference; lastKnownFileType = wrapper.framework; name = osgUtil.framework; path = ../../../libs/frameworks/osgUtil.framework; sourceTree = SOURCE_ROOT; };
		D40B58760F5BD5E4004D300C /* osgText.framework */ = {isa = PBXFileReference; lastKnownFileType = wrapper.framework; name = osgText.framework; path = ../../../libs/frameworks/osgText.framework; sourceTree = SOURCE_ROOT; };
		D40B58770F5BD5E4004D300C /* osgGA.framework */ = {isa = PBXFileReference; lastKnownFileType = wrapper.framework; name = osgGA.framework; path = ../../../libs/frameworks/osgGA.framework; sourceTree = SOURCE_ROOT; };
		D40B58780F5BD5E4004D300C /* osgDB.framework */ = {isa = PBXFileReference; lastKnownFileType = wrapper.framework; name = osgDB.framework; path = ../../../libs/frameworks/osgDB.framework; sourceTree = SOURCE_ROOT; };
		D40B58790F5BD5E4004D300C /* osg.framework */ = {isa = PBXFileReference; lastKnownFileType = wrapper.framework; name = osg.framework; path = ../../../libs/frameworks/osg.framework; sourceTree = SOURCE_ROOT; };
		D40B587A0F5BD5E4004D300C /* OpenThreads.framework */ = {isa = PBXFileReference; lastKnownFileType = wrapper.framework; name = OpenThreads.framework; path = ../../../libs/frameworks/OpenThreads.framework; sourceTree = SOURCE_ROOT; };
		D44A61D30B1A0ACC00960064 /* AGL.framework */ = {isa = PBXFileReference; lastKnownFileType = wrapper.framework; name = AGL.framework; path = /System/Library/Frameworks/AGL.framework; sourceTree = "<absolute>"; };
		D44A61D40B1A0ACC00960064 /* OpenGL.framework */ = {isa = PBXFileReference; lastKnownFileType = wrapper.framework; name = OpenGL.framework; path = /System/Library/Frameworks/OpenGL.framework; sourceTree = "<absolute>"; };
		D45ED6DB0CE3315400D0CD6E /* OpenThreads.framework */ = {isa = PBXFileReference; lastKnownFileType = wrapper.framework; name = OpenThreads.framework; path = ../../../libs/frameworks/OpenThreads.framework; sourceTree = SOURCE_ROOT; };
		D4732D0D0E93712D00EA5954 /* 3DconnexionClient.framework */ = {isa = PBXFileReference; lastKnownFileType = wrapper.framework; name = 3DconnexionClient.framework; path = /Library/Frameworks/3DconnexionClient.framework; sourceTree = "<absolute>"; };
		D473301A0E93AA9000EA5954 /* osgdb_osg.so */ = {isa = PBXFileReference; lastKnownFileType = "compiled.mach-o.bundle"; name = osgdb_osg.so; path = ../../../libs/PlugIns/osgdb_osg.so; sourceTree = SOURCE_ROOT; };
		D473301C0E93AAE400EA5954 /* cow.osg */ = {isa = PBXFileReference; fileEncoding = 4; lastKnownFileType = text; name = cow.osg; path = "../../../3rdParty/OpenSceneGraph-Data/cow.osg"; sourceTree = SOURCE_ROOT; };
		D47330270E93AB5000EA5954 /* reflect.rgb */ = {isa = PBXFileReference; lastKnownFileType = file; name = reflect.rgb; path = "../../../3rdParty/OpenSceneGraph-Data/Images/reflect.rgb"; sourceTree = SOURCE_ROOT; };
		D4F410E60F5BDAAD0052261D /* cefix.framework */ = {isa = PBXFileReference; lastKnownFileType = wrapper.framework; name = cefix.framework; path = ../../../libs/cefix.framework; sourceTree = SOURCE_ROOT; };
		D4F41FCD0F5D42580052261D /* SpaceNavigatorInputDevice.bundle */ = {isa = PBXFileReference; lastKnownFileType = "wrapper.plug-in"; name = SpaceNavigatorInputDevice.bundle; path = ../../../libs/inputDevices/SpaceNavigatorInputDevice.bundle; sourceTree = SOURCE_ROOT; };
/* End PBXFileReference section */

/* Begin PBXFrameworksBuildPhase section */
		8D0C4E910486CD37000505A6 /* Frameworks */ = {
			isa = PBXFrameworksBuildPhase;
			buildActionMask = 2147483647;
			files = (
				8D0C4E920486CD37000505A6 /* Carbon.framework in Frameworks */,
				D44A61D50B1A0ACC00960064 /* AGL.framework in Frameworks */,
				D44A61D60B1A0ACC00960064 /* OpenGL.framework in Frameworks */,
				D45ED6E20CE3315400D0CD6E /* OpenThreads.framework in Frameworks */,
				D40B587B0F5BD5E4004D300C /* osgViewer.framework in Frameworks */,
				D40B587C0F5BD5E5004D300C /* osgUtil.framework in Frameworks */,
				D40B587D0F5BD5E5004D300C /* osgText.framework in Frameworks */,
				D40B587E0F5BD5E5004D300C /* osgGA.framework in Frameworks */,
				D40B587F0F5BD5E5004D300C /* osgDB.framework in Frameworks */,
				D40B58800F5BD5E5004D300C /* osg.framework in Frameworks */,
				D40B58810F5BD5E5004D300C /* OpenThreads.framework in Frameworks */,
				D4F410E70F5BDAAD0052261D /* cefix.framework in Frameworks */,
			);
			runOnlyForDeploymentPostprocessing = 0;
		};
/* End PBXFrameworksBuildPhase section */

/* Begin PBXGroup section */
		195DF8CFFE9D517E11CA2CBB /* Products */ = {
			isa = PBXGroup;
			children = (
				8D0C4E970486CD37000505A6 /* cefixTemplate.app */,
			);
			name = Products;
			sourceTree = "<group>";
		};
		20286C29FDCF999611CA2CEA /* cefixTemplate */ = {
			isa = PBXGroup;
			children = (
				20286C2AFDCF999611CA2CEA /* src */,
				20286C2CFDCF999611CA2CEA /* Resources */,
				20286C32FDCF999611CA2CEA /* External Frameworks and Libraries */,
				195DF8CFFE9D517E11CA2CBB /* Products */,
			);
			name = cefixTemplate;
			sourceTree = "<group>";
		};
		20286C2AFDCF999611CA2CEA /* src */ = {
			isa = PBXGroup;
			children = (
				32DBCF6D0370B57F00C91783 /* cefixTemplate_Prefix.pch */,
				20286C2BFDCF999611CA2CEA /* main.cpp */,
				D47330270E93AB5000EA5954 /* reflect.rgb */,
			);
			name = src;
			path = ../src;
			sourceTree = "<group>";
		};
		20286C2CFDCF999611CA2CEA /* Resources */ = {
			isa = PBXGroup;
			children = (
				D4F41FCD0F5D42580052261D /* SpaceNavigatorInputDevice.bundle */,
				D473301C0E93AAE400EA5954 /* cow.osg */,
				D473301A0E93AA9000EA5954 /* osgdb_osg.so */,
				8D0C4E960486CD37000505A6 /* Info.plist */,
				0867D6AAFE840B52C02AAC07 /* InfoPlist.strings */,
				02345980000FD03B11CA0E72 /* main.nib */,
			);
			name = Resources;
			sourceTree = "<group>";
		};
		20286C32FDCF999611CA2CEA /* External Frameworks and Libraries */ = {
			isa = PBXGroup;
			children = (
				D4F410E60F5BDAAD0052261D /* cefix.framework */,
				D40B58740F5BD5E4004D300C /* osgViewer.framework */,
				D40B58750F5BD5E4004D300C /* osgUtil.framework */,
				D40B58760F5BD5E4004D300C /* osgText.framework */,
				D40B58770F5BD5E4004D300C /* osgGA.framework */,
				D40B58780F5BD5E4004D300C /* osgDB.framework */,
				D40B58790F5BD5E4004D300C /* osg.framework */,
				D40B587A0F5BD5E4004D300C /* OpenThreads.framework */,
				D4732D0D0E93712D00EA5954 /* 3DconnexionClient.framework */,
				D45ED6DB0CE3315400D0CD6E /* OpenThreads.framework */,
				D44A61D30B1A0ACC00960064 /* AGL.framework */,
				D44A61D40B1A0ACC00960064 /* OpenGL.framework */,
				20286C33FDCF999611CA2CEA /* Carbon.framework */,
			);
			name = "External Frameworks and Libraries";
			sourceTree = "<group>";
		};
/* End PBXGroup section */

/* Begin PBXNativeTarget section */
		8D0C4E890486CD37000505A6 /* cefixTemplate */ = {
			isa = PBXNativeTarget;
			buildConfigurationList = C0E91AC508A95435008D54AB /* Build configuration list for PBXNativeTarget "cefixTemplate" */;
			buildPhases = (
				8D0C4E8C0486CD37000505A6 /* Resources */,
				8D0C4E8F0486CD37000505A6 /* Sources */,
				8D0C4E910486CD37000505A6 /* Frameworks */,
				D44A61E20B1A0B0300960064 /* CopyFiles */,
				D47330190E93AA7F00EA5954 /* CopyFiles */,
			);
			buildRules = (
			);
			dependencies = (
			);
			name = cefixTemplate;
			productInstallPath = "$(HOME)/Applications";
			productName = cefixTemplate;
			productReference = 8D0C4E970486CD37000505A6 /* cefixTemplate.app */;
			productType = "com.apple.product-type.application";
		};
/* End PBXNativeTarget section */

/* Begin PBXProject section */
		20286C28FDCF999611CA2CEA /* Project object */ = {
			isa = PBXProject;
			buildConfigurationList = C0E91AC908A95435008D54AB /* Build configuration list for PBXProject "SpaceNavigator" */;
			compatibilityVersion = "Xcode 2.4";
			hasScannedForEncodings = 1;
			mainGroup = 20286C29FDCF999611CA2CEA /* cefixTemplate */;
			projectDirPath = "";
			projectRoot = ..;
			targets = (
				8D0C4E890486CD37000505A6 /* cefixTemplate */,
			);
		};
/* End PBXProject section */

/* Begin PBXResourcesBuildPhase section */
		8D0C4E8C0486CD37000505A6 /* Resources */ = {
			isa = PBXResourcesBuildPhase;
			buildActionMask = 2147483647;
			files = (
				8D0C4E8D0486CD37000505A6 /* InfoPlist.strings in Resources */,
				8D0C4E8E0486CD37000505A6 /* main.nib in Resources */,
				D473301D0E93AAE400EA5954 /* cow.osg in Resources */,
				D47330280E93AB5000EA5954 /* reflect.rgb in Resources */,
				D4F41FCE0F5D42580052261D /* SpaceNavigatorInputDevice.bundle in Resources */,
			);
			runOnlyForDeploymentPostprocessing = 0;
		};
/* End PBXResourcesBuildPhase section */

/* Begin PBXSourcesBuildPhase section */
		8D0C4E8F0486CD37000505A6 /* Sources */ = {
			isa = PBXSourcesBuildPhase;
			buildActionMask = 2147483647;
			files = (
				8D0C4E900486CD37000505A6 /* main.cpp in Sources */,
			);
			runOnlyForDeploymentPostprocessing = 0;
		};
/* End PBXSourcesBuildPhase section */

/* Begin PBXVariantGroup section */
		02345980000FD03B11CA0E72 /* main.nib */ = {
			isa = PBXVariantGroup;
			children = (
				1870340FFE93FCAF11CA0CD7 /* English */,
			);
			name = main.nib;
			sourceTree = "<group>";
		};
		0867D6AAFE840B52C02AAC07 /* InfoPlist.strings */ = {
			isa = PBXVariantGroup;
			children = (
				0867D6ABFE840B52C02AAC07 /* English */,
			);
			name = InfoPlist.strings;
			sourceTree = "<group>";
		};
/* End PBXVariantGroup section */

/* Begin XCBuildConfiguration section */
		C0E91AC608A95435008D54AB /* Debug */ = {
			isa = XCBuildConfiguration;
			buildSettings = {
				ARCHS = "$(NATIVE_ARCH)";
				COPY_PHASE_STRIP = NO;
				FRAMEWORK_SEARCH_PATHS = (
					"$(FRAMEWORK_SEARCH_PATHS_QUOTED_FOR_TARGET_1)",
					"$(FRAMEWORK_SEARCH_PATHS_QUOTED_FOR_TARGET_2)",
					"$(FRAMEWORK_SEARCH_PATHS_QUOTED_FOR_TARGET_3)",
				);
				FRAMEWORK_SEARCH_PATHS_QUOTED_FOR_TARGET_1 = "\"$(SRCROOT)/../../../libs\"";
				FRAMEWORK_SEARCH_PATHS_QUOTED_FOR_TARGET_2 = "\"$(SRCROOT)/../../../libs/frameworks\"";
				FRAMEWORK_SEARCH_PATHS_QUOTED_FOR_TARGET_3 = "\"$(SRCROOT)/../../../libs\"";
				GCC_DYNAMIC_NO_PIC = NO;
				GCC_ENABLE_FIX_AND_CONTINUE = YES;
				GCC_MODEL_TUNING = G5;
				GCC_OPTIMIZATION_LEVEL = 0;
				GCC_PRECOMPILE_PREFIX_HEADER = YES;
				GCC_PREFIX_HEADER = ../src/cefixTemplate_Prefix.pch;
				GCC_SYMBOLS_PRIVATE_EXTERN = NO;
				INFOPLIST_FILE = Info.plist;
				INSTALL_PATH = "$(HOME)/Applications";
				OTHER_LDFLAGS = (
					"-weak_framework",
					3DconnexionClient,
				);
				PRODUCT_NAME = cefixTemplate;
				WRAPPER_EXTENSION = app;
				ZERO_LINK = NO;
			};
			name = Debug;
		};
		C0E91AC708A95435008D54AB /* Release */ = {
			isa = XCBuildConfiguration;
			buildSettings = {
				ARCHS = "$(NATIVE_ARCH)";
				FRAMEWORK_SEARCH_PATHS = (
					"$(FRAMEWORK_SEARCH_PATHS_QUOTED_FOR_TARGET_1)",
					"$(FRAMEWORK_SEARCH_PATHS_QUOTED_FOR_TARGET_2)",
					"$(FRAMEWORK_SEARCH_PATHS_QUOTED_FOR_TARGET_3)",
				);
				FRAMEWORK_SEARCH_PATHS_QUOTED_FOR_TARGET_1 = "\"$(SRCROOT)/../../../libs\"";
				FRAMEWORK_SEARCH_PATHS_QUOTED_FOR_TARGET_2 = "\"$(SRCROOT)/../../../libs/frameworks\"";
				FRAMEWORK_SEARCH_PATHS_QUOTED_FOR_TARGET_3 = "\"$(SRCROOT)/../../../libs\"";
				GCC_GENERATE_DEBUGGING_SYMBOLS = NO;
				GCC_MODEL_TUNING = G5;
				GCC_PRECOMPILE_PREFIX_HEADER = YES;
				GCC_PREFIX_HEADER = ../src/cefixTemplate_Prefix.pch;
				GCC_SYMBOLS_PRIVATE_EXTERN = NO;
				INFOPLIST_FILE = Info.plist;
				INSTALL_PATH = "$(HOME)/Applications";
				OTHER_LDFLAGS = (
					"-weak_framework",
					3DconnexionClient,
				);
				PRODUCT_NAME = cefixTemplate;
				WRAPPER_EXTENSION = app;
			};
			name = Release;
		};
		C0E91ACA08A95435008D54AB /* Debug */ = {
			isa = XCBuildConfiguration;
			buildSettings = {
				GCC_VERSION = 4.0;
				GCC_WARN_ABOUT_RETURN_TYPE = YES;
				GCC_WARN_UNUSED_VARIABLE = YES;
				PREBINDING = NO;
				SDKROOT = /Developer/SDKs/MacOSX10.5.sdk;
			};
			name = Debug;
		};
		C0E91ACB08A95435008D54AB /* Release */ = {
			isa = XCBuildConfiguration;
			buildSettings = {
				GCC_VERSION = 4.0;
				GCC_WARN_ABOUT_RETURN_TYPE = YES;
				GCC_WARN_UNUSED_VARIABLE = YES;
				PREBINDING = NO;
				SDKROOT = /Developer/SDKs/MacOSX10.5.sdk;
			};
			name = Release;
		};
/* End XCBuildConfiguration section */

/* Begin XCConfigurationList section */
		C0E91AC508A95435008D54AB /* Build configuration list for PBXNativeTarget "cefixTemplate" */ = {
			isa = XCConfigurationList;
			buildConfigurations = (
				C0E91AC608A95435008D54AB /* Debug */,
				C0E91AC708A95435008D54AB /* Release */,
			);
			defaultConfigurationIsVisible = 0;
			defaultConfigurationName = Release;
		};
		C0E91AC908A95435008D54AB /* Build configuration list for PBXProject "SpaceNavigator" */ = {
			isa = XCConfigurationList;
			buildConfigurations = (
				C0E91ACA08A95435008D54AB /* Debug */,
				C0E91ACB08A95435008D54AB /* Release */,
			);
			defaultConfigurationIsVisible = 0;
			defaultConfigurationName = Release;
		};
/* End XCConfigurationList section */
	};
	rootObject = 20286C28FDCF999611CA2CEA /* Project object */;
}
